// !$*UTF8*$!
{
	archiveVersion = 1;
	classes = {
	};
	objectVersion = 60;
	objects = {

/* Begin PBXBuildFile section */
		91FEED072B3B40DC00C5ADAA /* Assets.xcassets in Resources */ = {isa = PBXBuildFile; fileRef = 91FEED062B3B40DC00C5ADAA /* Assets.xcassets */; };
		91FEED0A2B3B40DC00C5ADAA /* LaunchScreen.storyboard in Resources */ = {isa = PBXBuildFile; fileRef = 91FEED082B3B40DC00C5ADAA /* LaunchScreen.storyboard */; };
		91FEED182B3DCA4500C5ADAA /* ViewController.swift in Sources */ = {isa = PBXBuildFile; fileRef = 91FEED152B3DCA4500C5ADAA /* ViewController.swift */; };
		91FEED192B3DCA4500C5ADAA /* AppDelegate.swift in Sources */ = {isa = PBXBuildFile; fileRef = 91FEED162B3DCA4500C5ADAA /* AppDelegate.swift */; };
		91FEED1C2B3DCA5600C5ADAA /* Skeletons in Resources */ = {isa = PBXBuildFile; fileRef = 91FEED1B2B3DCA5600C5ADAA /* Skeletons */; };
		91FEED1F2B3DD17900C5ADAA /* SpineSwift in Frameworks */ = {isa = PBXBuildFile; productRef = 91FEED1E2B3DD17900C5ADAA /* SpineSwift */; };
		91FEED212B3DD1DD00C5ADAA /* ObjectStorage+Shared.swift in Sources */ = {isa = PBXBuildFile; fileRef = 91FEED202B3DD1DD00C5ADAA /* ObjectStorage+Shared.swift */; };
		91FEED242B3DD2C200C5ADAA /* Logging in Frameworks */ = {isa = PBXBuildFile; productRef = 91FEED232B3DD2C200C5ADAA /* Logging */; };
/* End PBXBuildFile section */

/* Begin PBXFileReference section */
		91FEECFA2B3B40DB00C5ADAA /* Sample_iOS.app */ = {isa = PBXFileReference; explicitFileType = wrapper.application; includeInIndex = 0; path = Sample_iOS.app; sourceTree = BUILT_PRODUCTS_DIR; };
		91FEED062B3B40DC00C5ADAA /* Assets.xcassets */ = {isa = PBXFileReference; lastKnownFileType = folder.assetcatalog; path = Assets.xcassets; sourceTree = "<group>"; };
		91FEED092B3B40DC00C5ADAA /* Base */ = {isa = PBXFileReference; lastKnownFileType = file.storyboard; name = Base; path = Base.lproj/LaunchScreen.storyboard; sourceTree = "<group>"; };
		91FEED0B2B3B40DC00C5ADAA /* Info.plist */ = {isa = PBXFileReference; lastKnownFileType = text.plist.xml; path = Info.plist; sourceTree = "<group>"; };
		91FEED152B3DCA4500C5ADAA /* ViewController.swift */ = {isa = PBXFileReference; fileEncoding = 4; lastKnownFileType = sourcecode.swift; path = ViewController.swift; sourceTree = "<group>"; };
		91FEED162B3DCA4500C5ADAA /* AppDelegate.swift */ = {isa = PBXFileReference; fileEncoding = 4; lastKnownFileType = sourcecode.swift; path = AppDelegate.swift; sourceTree = "<group>"; };
		91FEED1B2B3DCA5600C5ADAA /* Skeletons */ = {isa = PBXFileReference; lastKnownFileType = folder; name = Skeletons; path = ../../Skeletons; sourceTree = "<group>"; };
		91FEED202B3DD1DD00C5ADAA /* ObjectStorage+Shared.swift */ = {isa = PBXFileReference; lastKnownFileType = sourcecode.swift; path = "ObjectStorage+Shared.swift"; sourceTree = "<group>"; };
/* End PBXFileReference section */

/* Begin PBXFrameworksBuildPhase section */
		91FEECF72B3B40DB00C5ADAA /* Frameworks */ = {
			isa = PBXFrameworksBuildPhase;
			buildActionMask = 2147483647;
			files = (
				91FEED242B3DD2C200C5ADAA /* Logging in Frameworks */,
				91FEED1F2B3DD17900C5ADAA /* SpineSwift in Frameworks */,
			);
			runOnlyForDeploymentPostprocessing = 0;
		};
/* End PBXFrameworksBuildPhase section */

/* Begin PBXGroup section */
		91FEECF12B3B40DB00C5ADAA = {
			isa = PBXGroup;
			children = (
				91FEECFC2B3B40DB00C5ADAA /* Sample_iOS */,
				91FEECFB2B3B40DB00C5ADAA /* Products */,
			);
			sourceTree = "<group>";
		};
		91FEECFB2B3B40DB00C5ADAA /* Products */ = {
			isa = PBXGroup;
			children = (
				91FEECFA2B3B40DB00C5ADAA /* Sample_iOS.app */,
			);
			name = Products;
			sourceTree = "<group>";
		};
		91FEECFC2B3B40DB00C5ADAA /* Sample_iOS */ = {
			isa = PBXGroup;
			children = (
				91FEED1B2B3DCA5600C5ADAA /* Skeletons */,
				91FEED142B3DCA4500C5ADAA /* Sources */,
				91FEED062B3B40DC00C5ADAA /* Assets.xcassets */,
				91FEED082B3B40DC00C5ADAA /* LaunchScreen.storyboard */,
				91FEED0B2B3B40DC00C5ADAA /* Info.plist */,
			);
			path = Sample_iOS;
			sourceTree = "<group>";
		};
		91FEED142B3DCA4500C5ADAA /* Sources */ = {
			isa = PBXGroup;
			children = (
				91FEED162B3DCA4500C5ADAA /* AppDelegate.swift */,
				91FEED152B3DCA4500C5ADAA /* ViewController.swift */,
				91FEED202B3DD1DD00C5ADAA /* ObjectStorage+Shared.swift */,
			);
			path = Sources;
			sourceTree = "<group>";
		};
/* End PBXGroup section */

/* Begin PBXNativeTarget section */
		91FEECF92B3B40DB00C5ADAA /* Sample_iOS */ = {
			isa = PBXNativeTarget;
			buildConfigurationList = 91FEED0E2B3B40DC00C5ADAA /* Build configuration list for PBXNativeTarget "Sample_iOS" */;
			buildPhases = (
				91FEECF62B3B40DB00C5ADAA /* Sources */,
				91FEECF72B3B40DB00C5ADAA /* Frameworks */,
				91FEECF82B3B40DB00C5ADAA /* Resources */,
			);
			buildRules = (
			);
			dependencies = (
			);
			name = Sample_iOS;
			packageProductDependencies = (
				91FEED1E2B3DD17900C5ADAA /* SpineSwift */,
				91FEED232B3DD2C200C5ADAA /* Logging */,
			);
			productName = Sample_iOS;
			productReference = 91FEECFA2B3B40DB00C5ADAA /* Sample_iOS.app */;
			productType = "com.apple.product-type.application";
		};
/* End PBXNativeTarget section */

/* Begin PBXProject section */
		91FEECF22B3B40DB00C5ADAA /* Project object */ = {
			isa = PBXProject;
			attributes = {
				BuildIndependentTargetsInParallel = 1;
				LastSwiftUpdateCheck = 1510;
				LastUpgradeCheck = 1510;
				TargetAttributes = {
					91FEECF92B3B40DB00C5ADAA = {
						CreatedOnToolsVersion = 15.1;
					};
				};
			};
			buildConfigurationList = 91FEECF52B3B40DB00C5ADAA /* Build configuration list for PBXProject "Sample_iOS" */;
			compatibilityVersion = "Xcode 14.0";
			developmentRegion = en;
			hasScannedForEncodings = 0;
			knownRegions = (
				en,
				Base,
			);
			mainGroup = 91FEECF12B3B40DB00C5ADAA;
			packageReferences = (
				91FEED1D2B3DD17900C5ADAA /* XCLocalSwiftPackageReference "../.." */,
				91FEED222B3DD2C200C5ADAA /* XCRemoteSwiftPackageReference "swift-log" */,
			);
			productRefGroup = 91FEECFB2B3B40DB00C5ADAA /* Products */;
			projectDirPath = "";
			projectRoot = "";
			targets = (
				91FEECF92B3B40DB00C5ADAA /* Sample_iOS */,
			);
		};
/* End PBXProject section */

/* Begin PBXResourcesBuildPhase section */
		91FEECF82B3B40DB00C5ADAA /* Resources */ = {
			isa = PBXResourcesBuildPhase;
			buildActionMask = 2147483647;
			files = (
				91FEED0A2B3B40DC00C5ADAA /* LaunchScreen.storyboard in Resources */,
				91FEED1C2B3DCA5600C5ADAA /* Skeletons in Resources */,
				91FEED072B3B40DC00C5ADAA /* Assets.xcassets in Resources */,
			);
			runOnlyForDeploymentPostprocessing = 0;
		};
/* End PBXResourcesBuildPhase section */

/* Begin PBXSourcesBuildPhase section */
		91FEECF62B3B40DB00C5ADAA /* Sources */ = {
			isa = PBXSourcesBuildPhase;
			buildActionMask = 2147483647;
			files = (
				91FEED212B3DD1DD00C5ADAA /* ObjectStorage+Shared.swift in Sources */,
				91FEED192B3DCA4500C5ADAA /* AppDelegate.swift in Sources */,
				91FEED182B3DCA4500C5ADAA /* ViewController.swift in Sources */,
			);
			runOnlyForDeploymentPostprocessing = 0;
		};
/* End PBXSourcesBuildPhase section */

/* Begin PBXVariantGroup section */
		91FEED082B3B40DC00C5ADAA /* LaunchScreen.storyboard */ = {
			isa = PBXVariantGroup;
			children = (
				91FEED092B3B40DC00C5ADAA /* Base */,
			);
			name = LaunchScreen.storyboard;
			sourceTree = "<group>";
		};
/* End PBXVariantGroup section */

/* Begin XCBuildConfiguration section */
		91FEED0C2B3B40DC00C5ADAA /* Debug */ = {
			isa = XCBuildConfiguration;
			buildSettings = {
				ALWAYS_SEARCH_USER_PATHS = NO;
				ASSETCATALOG_COMPILER_GENERATE_SWIFT_ASSET_SYMBOL_EXTENSIONS = YES;
				CLANG_ANALYZER_NONNULL = YES;
				CLANG_ANALYZER_NUMBER_OBJECT_CONVERSION = YES_AGGRESSIVE;
				CLANG_CXX_LANGUAGE_STANDARD = "gnu++20";
				CLANG_ENABLE_MODULES = YES;
				CLANG_ENABLE_OBJC_ARC = YES;
				CLANG_ENABLE_OBJC_WEAK = YES;
				CLANG_WARN_BLOCK_CAPTURE_AUTORELEASING = YES;
				CLANG_WARN_BOOL_CONVERSION = YES;
				CLANG_WARN_COMMA = YES;
				CLANG_WARN_CONSTANT_CONVERSION = YES;
				CLANG_WARN_DEPRECATED_OBJC_IMPLEMENTATIONS = YES;
				CLANG_WARN_DIRECT_OBJC_ISA_USAGE = YES_ERROR;
				CLANG_WARN_DOCUMENTATION_COMMENTS = YES;
				CLANG_WARN_EMPTY_BODY = YES;
				CLANG_WARN_ENUM_CONVERSION = YES;
				CLANG_WARN_INFINITE_RECURSION = YES;
				CLANG_WARN_INT_CONVERSION = YES;
				CLANG_WARN_NON_LITERAL_NULL_CONVERSION = YES;
				CLANG_WARN_OBJC_IMPLICIT_RETAIN_SELF = YES;
				CLANG_WARN_OBJC_LITERAL_CONVERSION = YES;
				CLANG_WARN_OBJC_ROOT_CLASS = YES_ERROR;
				CLANG_WARN_QUOTED_INCLUDE_IN_FRAMEWORK_HEADER = YES;
				CLANG_WARN_RANGE_LOOP_ANALYSIS = YES;
				CLANG_WARN_STRICT_PROTOTYPES = YES;
				CLANG_WARN_SUSPICIOUS_MOVE = YES;
				CLANG_WARN_UNGUARDED_AVAILABILITY = YES_AGGRESSIVE;
				CLANG_WARN_UNREACHABLE_CODE = YES;
				CLANG_WARN__DUPLICATE_METHOD_MATCH = YES;
				COPY_PHASE_STRIP = NO;
				DEBUG_INFORMATION_FORMAT = dwarf;
				ENABLE_STRICT_OBJC_MSGSEND = YES;
				ENABLE_TESTABILITY = YES;
				ENABLE_USER_SCRIPT_SANDBOXING = YES;
				GCC_C_LANGUAGE_STANDARD = gnu17;
				GCC_DYNAMIC_NO_PIC = NO;
				GCC_NO_COMMON_BLOCKS = YES;
				GCC_OPTIMIZATION_LEVEL = 0;
				GCC_PREPROCESSOR_DEFINITIONS = (
					"DEBUG=1",
					"$(inherited)",
				);
				GCC_WARN_64_TO_32_BIT_CONVERSION = YES;
				GCC_WARN_ABOUT_RETURN_TYPE = YES_ERROR;
				GCC_WARN_UNDECLARED_SELECTOR = YES;
				GCC_WARN_UNINITIALIZED_AUTOS = YES_AGGRESSIVE;
				GCC_WARN_UNUSED_FUNCTION = YES;
				GCC_WARN_UNUSED_VARIABLE = YES;
				IPHONEOS_DEPLOYMENT_TARGET = 16.0;
				LOCALIZATION_PREFERS_STRING_CATALOGS = YES;
				MTL_ENABLE_DEBUG_INFO = INCLUDE_SOURCE;
				MTL_FAST_MATH = YES;
				ONLY_ACTIVE_ARCH = YES;
				SDKROOT = iphoneos;
				SWIFT_ACTIVE_COMPILATION_CONDITIONS = "DEBUG $(inherited)";
				SWIFT_OPTIMIZATION_LEVEL = "-Onone";
			};
			name = Debug;
		};
		91FEED0D2B3B40DC00C5ADAA /* Release */ = {
			isa = XCBuildConfiguration;
			buildSettings = {
				ALWAYS_SEARCH_USER_PATHS = NO;
				ASSETCATALOG_COMPILER_GENERATE_SWIFT_ASSET_SYMBOL_EXTENSIONS = YES;
				CLANG_ANALYZER_NONNULL = YES;
				CLANG_ANALYZER_NUMBER_OBJECT_CONVERSION = YES_AGGRESSIVE;
				CLANG_CXX_LANGUAGE_STANDARD = "gnu++20";
				CLANG_ENABLE_MODULES = YES;
				CLANG_ENABLE_OBJC_ARC = YES;
				CLANG_ENABLE_OBJC_WEAK = YES;
				CLANG_WARN_BLOCK_CAPTURE_AUTORELEASING = YES;
				CLANG_WARN_BOOL_CONVERSION = YES;
				CLANG_WARN_COMMA = YES;
				CLANG_WARN_CONSTANT_CONVERSION = YES;
				CLANG_WARN_DEPRECATED_OBJC_IMPLEMENTATIONS = YES;
				CLANG_WARN_DIRECT_OBJC_ISA_USAGE = YES_ERROR;
				CLANG_WARN_DOCUMENTATION_COMMENTS = YES;
				CLANG_WARN_EMPTY_BODY = YES;
				CLANG_WARN_ENUM_CONVERSION = YES;
				CLANG_WARN_INFINITE_RECURSION = YES;
				CLANG_WARN_INT_CONVERSION = YES;
				CLANG_WARN_NON_LITERAL_NULL_CONVERSION = YES;
				CLANG_WARN_OBJC_IMPLICIT_RETAIN_SELF = YES;
				CLANG_WARN_OBJC_LITERAL_CONVERSION = YES;
				CLANG_WARN_OBJC_ROOT_CLASS = YES_ERROR;
				CLANG_WARN_QUOTED_INCLUDE_IN_FRAMEWORK_HEADER = YES;
				CLANG_WARN_RANGE_LOOP_ANALYSIS = YES;
				CLANG_WARN_STRICT_PROTOTYPES = YES;
				CLANG_WARN_SUSPICIOUS_MOVE = YES;
				CLANG_WARN_UNGUARDED_AVAILABILITY = YES_AGGRESSIVE;
				CLANG_WARN_UNREACHABLE_CODE = YES;
				CLANG_WARN__DUPLICATE_METHOD_MATCH = YES;
				COPY_PHASE_STRIP = NO;
				DEBUG_INFORMATION_FORMAT = "dwarf-with-dsym";
				ENABLE_NS_ASSERTIONS = NO;
				ENABLE_STRICT_OBJC_MSGSEND = YES;
				ENABLE_USER_SCRIPT_SANDBOXING = YES;
				GCC_C_LANGUAGE_STANDARD = gnu17;
				GCC_NO_COMMON_BLOCKS = YES;
				GCC_WARN_64_TO_32_BIT_CONVERSION = YES;
				GCC_WARN_ABOUT_RETURN_TYPE = YES_ERROR;
				GCC_WARN_UNDECLARED_SELECTOR = YES;
				GCC_WARN_UNINITIALIZED_AUTOS = YES_AGGRESSIVE;
				GCC_WARN_UNUSED_FUNCTION = YES;
				GCC_WARN_UNUSED_VARIABLE = YES;
				IPHONEOS_DEPLOYMENT_TARGET = 16.0;
				LOCALIZATION_PREFERS_STRING_CATALOGS = YES;
				MTL_ENABLE_DEBUG_INFO = NO;
				MTL_FAST_MATH = YES;
				SDKROOT = iphoneos;
				SWIFT_COMPILATION_MODE = wholemodule;
				VALIDATE_PRODUCT = YES;
			};
			name = Release;
		};
		91FEED0F2B3B40DC00C5ADAA /* Debug */ = {
			isa = XCBuildConfiguration;
			buildSettings = {
				ASSETCATALOG_COMPILER_APPICON_NAME = AppIcon;
				ASSETCATALOG_COMPILER_GLOBAL_ACCENT_COLOR_NAME = AccentColor;
				CODE_SIGN_STYLE = Automatic;
				CURRENT_PROJECT_VERSION = 1;
				GENERATE_INFOPLIST_FILE = YES;
				INFOPLIST_FILE = Sample_iOS/Info.plist;
				INFOPLIST_KEY_UIApplicationSupportsIndirectInputEvents = YES;
				INFOPLIST_KEY_UILaunchStoryboardName = LaunchScreen;
				INFOPLIST_KEY_UIMainStoryboardFile = "";
				INFOPLIST_KEY_UIRequiresFullScreen = YES;
				INFOPLIST_KEY_UISupportedInterfaceOrientations_iPad = "UIInterfaceOrientationPortrait UIInterfaceOrientationPortraitUpsideDown UIInterfaceOrientationLandscapeLeft UIInterfaceOrientationLandscapeRight";
				INFOPLIST_KEY_UISupportedInterfaceOrientations_iPhone = "UIInterfaceOrientationPortrait UIInterfaceOrientationLandscapeLeft UIInterfaceOrientationLandscapeRight";
				IPHONEOS_DEPLOYMENT_TARGET = 16.0;
				LD_RUNPATH_SEARCH_PATHS = (
					"$(inherited)",
					"@executable_path/Frameworks",
				);
				MARKETING_VERSION = 1.0;
				PRODUCT_BUNDLE_IDENTIFIER = "com.spine-metal-rendering.Sample-iOS";
				PRODUCT_NAME = "$(TARGET_NAME)";
				SWIFT_EMIT_LOC_STRINGS = YES;
				SWIFT_VERSION = 5.0;
				TARGETED_DEVICE_FAMILY = "1,2";
			};
			name = Debug;
		};
		91FEED102B3B40DC00C5ADAA /* Release */ = {
			isa = XCBuildConfiguration;
			buildSettings = {
				ASSETCATALOG_COMPILER_APPICON_NAME = AppIcon;
				ASSETCATALOG_COMPILER_GLOBAL_ACCENT_COLOR_NAME = AccentColor;
				CODE_SIGN_STYLE = Automatic;
				CURRENT_PROJECT_VERSION = 1;
				GENERATE_INFOPLIST_FILE = YES;
				INFOPLIST_FILE = Sample_iOS/Info.plist;
				INFOPLIST_KEY_UIApplicationSupportsIndirectInputEvents = YES;
				INFOPLIST_KEY_UILaunchStoryboardName = LaunchScreen;
				INFOPLIST_KEY_UIMainStoryboardFile = "";
				INFOPLIST_KEY_UIRequiresFullScreen = YES;
				INFOPLIST_KEY_UISupportedInterfaceOrientations_iPad = "UIInterfaceOrientationPortrait UIInterfaceOrientationPortraitUpsideDown UIInterfaceOrientationLandscapeLeft UIInterfaceOrientationLandscapeRight";
				INFOPLIST_KEY_UISupportedInterfaceOrientations_iPhone = "UIInterfaceOrientationPortrait UIInterfaceOrientationLandscapeLeft UIInterfaceOrientationLandscapeRight";
				IPHONEOS_DEPLOYMENT_TARGET = 16.0;
				LD_RUNPATH_SEARCH_PATHS = (
					"$(inherited)",
					"@executable_path/Frameworks",
				);
				MARKETING_VERSION = 1.0;
				PRODUCT_BUNDLE_IDENTIFIER = "com.spine-metal-rendering.Sample-iOS";
				PRODUCT_NAME = "$(TARGET_NAME)";
				SWIFT_EMIT_LOC_STRINGS = YES;
				SWIFT_VERSION = 5.0;
				TARGETED_DEVICE_FAMILY = "1,2";
			};
			name = Release;
		};
/* End XCBuildConfiguration section */

/* Begin XCConfigurationList section */
		91FEECF52B3B40DB00C5ADAA /* Build configuration list for PBXProject "Sample_iOS" */ = {
			isa = XCConfigurationList;
			buildConfigurations = (
				91FEED0C2B3B40DC00C5ADAA /* Debug */,
				91FEED0D2B3B40DC00C5ADAA /* Release */,
			);
			defaultConfigurationIsVisible = 0;
			defaultConfigurationName = Release;
		};
		91FEED0E2B3B40DC00C5ADAA /* Build configuration list for PBXNativeTarget "Sample_iOS" */ = {
			isa = XCConfigurationList;
			buildConfigurations = (
				91FEED0F2B3B40DC00C5ADAA /* Debug */,
				91FEED102B3B40DC00C5ADAA /* Release */,
			);
			defaultConfigurationIsVisible = 0;
			defaultConfigurationName = Release;
		};
/* End XCConfigurationList section */

/* Begin XCLocalSwiftPackageReference section */
		91FEED1D2B3DD17900C5ADAA /* XCLocalSwiftPackageReference "../.." */ = {
			isa = XCLocalSwiftPackageReference;
			relativePath = ../..;
		};
/* End XCLocalSwiftPackageReference section */

/* Begin XCRemoteSwiftPackageReference section */
		91FEED222B3DD2C200C5ADAA /* XCRemoteSwiftPackageReference "swift-log" */ = {
			isa = XCRemoteSwiftPackageReference;
			repositoryURL = "https://github.com/apple/swift-log.git";
			requirement = {
				kind = upToNextMajorVersion;
				minimumVersion = 1.5.3;
			};
		};
/* End XCRemoteSwiftPackageReference section */

/* Begin XCSwiftPackageProductDependency section */
		91FEED1E2B3DD17900C5ADAA /* SpineSwift */ = {
			isa = XCSwiftPackageProductDependency;
			productName = SpineSwift;
		};
		91FEED232B3DD2C200C5ADAA /* Logging */ = {
			isa = XCSwiftPackageProductDependency;
			package = 91FEED222B3DD2C200C5ADAA /* XCRemoteSwiftPackageReference "swift-log" */;
			productName = Logging;
		};
/* End XCSwiftPackageProductDependency section */
	};
	rootObject = 91FEECF22B3B40DB00C5ADAA /* Project object */;
}
